
Microsoft Visual Studio Solution File, Format Version 12.00
# Visual Studio Version 17
VisualStudioVersion = 17.11.35222.181
MinimumVisualStudioVersion = 10.0.40219.1
Project("{FAE04EC0-301F-11D3-BF4B-00C04F79EFBC}") = "P01", "P01\P01.csproj", "{137D1B9D-19C6-463B-A07F-FBB65328AA23}"
EndProject
Project("{FAE04EC0-301F-11D3-BF4B-00C04F79EFBC}") = "P02", "P02\P02.csproj", "{BA3AA61F-7F29-4FE4-B40A-4E64D71D56EA}"
EndProject
Project("{FAE04EC0-301F-11D3-BF4B-00C04F79EFBC}") = "P03", "P03\P03.csproj", "{904C446A-F4B8-427B-BFC6-6935BDFA4C95}"
EndProject
Project("{FAE04EC0-301F-11D3-BF4B-00C04F79EFBC}") = "P04", "P04\P04.csproj", "{4E1C883C-B711-4E3E-A8CC-9EDBB2458635}"
EndProject
Project("{FAE04EC0-301F-11D3-BF4B-00C04F79EFBC}") = "P05", "P05\P05.csproj", "{38104A75-BC9F-49A0-9C03-2A18409E9956}"
EndProject
Global
	GlobalSection(SolutionConfigurationPlatforms) = preSolution
		Debug|Any CPU = Debug|Any CPU
		Release|Any CPU = Release|Any CPU
	EndGlobalSection
	GlobalSection(ProjectConfigurationPlatforms) = postSolution
		{137D1B9D-19C6-463B-A07F-FBB65328AA23}.Debug|Any CPU.ActiveCfg = Debug|Any CPU
		{137D1B9D-19C6-463B-A07F-FBB65328AA23}.Debug|Any CPU.Build.0 = Debug|Any CPU
		{137D1B9D-19C6-463B-A07F-FBB65328AA23}.Release|Any CPU.ActiveCfg = Release|Any CPU
		{137D1B9D-19C6-463B-A07F-FBB65328AA23}.Release|Any CPU.Build.0 = Release|Any CPU
		{BA3AA61F-7F29-4FE4-B40A-4E64D71D56EA}.Debug|Any CPU.ActiveCfg = Debug|Any CPU
		{BA3AA61F-7F29-4FE4-B40A-4E64D71D56EA}.Debug|Any CPU.Build.0 = Debug|Any CPU
		{BA3AA61F-7F29-4FE4-B40A-4E64D71D56EA}.Release|Any CPU.ActiveCfg = Release|Any CPU
		{BA3AA61F-7F29-4FE4-B40A-4E64D71D56EA}.Release|Any CPU.Build.0 = Release|Any CPU
		{904C446A-F4B8-427B-BFC6-6935BDFA4C95}.Debug|Any CPU.ActiveCfg = Debug|Any CPU
		{904C446A-F4B8-427B-BFC6-6935BDFA4C95}.Debug|Any CPU.Build.0 = Debug|Any CPU
		{904C446A-F4B8-427B-BFC6-6935BDFA4C95}.Release|Any CPU.ActiveCfg = Release|Any CPU
		{904C446A-F4B8-427B-BFC6-6935BDFA4C95}.Release|Any CPU.Build.0 = Release|Any CPU
		{4E1C883C-B711-4E3E-A8CC-9EDBB2458635}.Debug|Any CPU.ActiveCfg = Debug|Any CPU
		{4E1C883C-B711-4E3E-A8CC-9EDBB2458635}.Debug|Any CPU.Build.0 = Debug|Any CPU
		{4E1C883C-B711-4E3E-A8CC-9EDBB2458635}.Release|Any CPU.ActiveCfg = Release|Any CPU
		{4E1C883C-B711-4E3E-A8CC-9EDBB2458635}.Release|Any CPU.Build.0 = Release|Any CPU
		{38104A75-BC9F-49A0-9C03-2A18409E9956}.Debug|Any CPU.ActiveCfg = Debug|Any CPU
		{38104A75-BC9F-49A0-9C03-2A18409E9956}.Debug|Any CPU.Build.0 = Debug|Any CPU
		{38104A75-BC9F-49A0-9C03-2A18409E9956}.Release|Any CPU.ActiveCfg = Release|Any CPU
		{38104A75-BC9F-49A0-9C03-2A18409E9956}.Release|Any CPU.Build.0 = Release|Any CPU
	EndGlobalSection
	GlobalSection(SolutionProperties) = preSolution
		HideSolutionNode = FALSE
	EndGlobalSection
	GlobalSection(ExtensibilityGlobals) = postSolution
		SolutionGuid = {3FF7F09A-3819-4778-B558-ADF913F5E753}
	EndGlobalSection
EndGlobal
