
Microsoft Visual Studio Solution File, Format Version 12.00
# Visual Studio Version 17
VisualStudioVersion = 17.11.35222.181
MinimumVisualStudioVersion = 10.0.40219.1
Project("{FAE04EC0-301F-11D3-BF4B-00C04F79EFBC}") = "P01_worldCapitalQuiz", "P01_worldCapitalQuiz\P01_worldCapitalQuiz.csproj", "{28640FF4-DE09-4478-96BB-2EB15A69F759}"
EndProject
Global
	GlobalSection(SolutionConfigurationPlatforms) = preSolution
		Debug|Any CPU = Debug|Any CPU
		Release|Any CPU = Release|Any CPU
	EndGlobalSection
	GlobalSection(ProjectConfigurationPlatforms) = postSolution
		{28640FF4-DE09-4478-96BB-2EB15A69F759}.Debug|Any CPU.ActiveCfg = Debug|Any CPU
		{28640FF4-DE09-4478-96BB-2EB15A69F759}.Debug|Any CPU.Build.0 = Debug|Any CPU
		{28640FF4-DE09-4478-96BB-2EB15A69F759}.Release|Any CPU.ActiveCfg = Release|Any CPU
		{28640FF4-DE09-4478-96BB-2EB15A69F759}.Release|Any CPU.Build.0 = Release|Any CPU
	EndGlobalSection
	GlobalSection(SolutionProperties) = preSolution
		HideSolutionNode = FALSE
	EndGlobalSection
	GlobalSection(ExtensibilityGlobals) = postSolution
		SolutionGuid = {35D88AB5-A484-4358-AE79-227E826222E3}
	EndGlobalSection
EndGlobal
