
Microsoft Visual Studio Solution File, Format Version 12.00
# Visual Studio Version 17
VisualStudioVersion = 17.11.35222.181
MinimumVisualStudioVersion = 10.0.40219.1
Project("{FAE04EC0-301F-11D3-BF4B-00C04F79EFBC}") = "P01_exceptionSubscript", "P01_exceptionSubscript\P01_exceptionSubscript.csproj", "{A13C1449-A22C-4156-966E-B73E2334B4DE}"
EndProject
Project("{FAE04EC0-301F-11D3-BF4B-00C04F79EFBC}") = "P02_argumentExeption", "P02_argumentExeption\P02_argumentExeption.csproj", "{735F8507-A18F-4E98-851B-C0A7DE146E49}"
EndProject
Global
	GlobalSection(SolutionConfigurationPlatforms) = preSolution
		Debug|Any CPU = Debug|Any CPU
		Release|Any CPU = Release|Any CPU
	EndGlobalSection
	GlobalSection(ProjectConfigurationPlatforms) = postSolution
		{A13C1449-A22C-4156-966E-B73E2334B4DE}.Debug|Any CPU.ActiveCfg = Debug|Any CPU
		{A13C1449-A22C-4156-966E-B73E2334B4DE}.Debug|Any CPU.Build.0 = Debug|Any CPU
		{A13C1449-A22C-4156-966E-B73E2334B4DE}.Release|Any CPU.ActiveCfg = Release|Any CPU
		{A13C1449-A22C-4156-966E-B73E2334B4DE}.Release|Any CPU.Build.0 = Release|Any CPU
		{735F8507-A18F-4E98-851B-C0A7DE146E49}.Debug|Any CPU.ActiveCfg = Debug|Any CPU
		{735F8507-A18F-4E98-851B-C0A7DE146E49}.Debug|Any CPU.Build.0 = Debug|Any CPU
		{735F8507-A18F-4E98-851B-C0A7DE146E49}.Release|Any CPU.ActiveCfg = Release|Any CPU
		{735F8507-A18F-4E98-851B-C0A7DE146E49}.Release|Any CPU.Build.0 = Release|Any CPU
	EndGlobalSection
	GlobalSection(SolutionProperties) = preSolution
		HideSolutionNode = FALSE
	EndGlobalSection
	GlobalSection(ExtensibilityGlobals) = postSolution
		SolutionGuid = {09297406-00CA-44FE-8956-5FEBCA1918BB}
	EndGlobalSection
EndGlobal
