
Microsoft Visual Studio Solution File, Format Version 12.00
# Visual Studio Version 17
VisualStudioVersion = 17.11.35222.181
MinimumVisualStudioVersion = 10.0.40219.1
Project("{FAE04EC0-301F-11D3-BF4B-00C04F79EFBC}") = "P01", "P01\P01.csproj", "{B8FCEFA4-3854-4B36-AD5C-E0494447E56B}"
EndProject
Project("{FAE04EC0-301F-11D3-BF4B-00C04F79EFBC}") = "P02", "P02\P02.csproj", "{DAA32923-0EF1-48EA-B38A-022B062D015F}"
EndProject
Project("{FAE04EC0-301F-11D3-BF4B-00C04F79EFBC}") = "P03", "P03\P03.csproj", "{7899702D-D5AB-4870-9D6A-AB98A5886EC5}"
EndProject
Global
	GlobalSection(SolutionConfigurationPlatforms) = preSolution
		Debug|Any CPU = Debug|Any CPU
		Release|Any CPU = Release|Any CPU
	EndGlobalSection
	GlobalSection(ProjectConfigurationPlatforms) = postSolution
		{B8FCEFA4-3854-4B36-AD5C-E0494447E56B}.Debug|Any CPU.ActiveCfg = Debug|Any CPU
		{B8FCEFA4-3854-4B36-AD5C-E0494447E56B}.Debug|Any CPU.Build.0 = Debug|Any CPU
		{B8FCEFA4-3854-4B36-AD5C-E0494447E56B}.Release|Any CPU.ActiveCfg = Release|Any CPU
		{B8FCEFA4-3854-4B36-AD5C-E0494447E56B}.Release|Any CPU.Build.0 = Release|Any CPU
		{DAA32923-0EF1-48EA-B38A-022B062D015F}.Debug|Any CPU.ActiveCfg = Debug|Any CPU
		{DAA32923-0EF1-48EA-B38A-022B062D015F}.Debug|Any CPU.Build.0 = Debug|Any CPU
		{DAA32923-0EF1-48EA-B38A-022B062D015F}.Release|Any CPU.ActiveCfg = Release|Any CPU
		{DAA32923-0EF1-48EA-B38A-022B062D015F}.Release|Any CPU.Build.0 = Release|Any CPU
		{7899702D-D5AB-4870-9D6A-AB98A5886EC5}.Debug|Any CPU.ActiveCfg = Debug|Any CPU
		{7899702D-D5AB-4870-9D6A-AB98A5886EC5}.Debug|Any CPU.Build.0 = Debug|Any CPU
		{7899702D-D5AB-4870-9D6A-AB98A5886EC5}.Release|Any CPU.ActiveCfg = Release|Any CPU
		{7899702D-D5AB-4870-9D6A-AB98A5886EC5}.Release|Any CPU.Build.0 = Release|Any CPU
	EndGlobalSection
	GlobalSection(SolutionProperties) = preSolution
		HideSolutionNode = FALSE
	EndGlobalSection
	GlobalSection(ExtensibilityGlobals) = postSolution
		SolutionGuid = {A09AF877-092D-4D30-AF34-9F09D3FBBC8D}
	EndGlobalSection
EndGlobal
