
Microsoft Visual Studio Solution File, Format Version 12.00
# Visual Studio Version 17
VisualStudioVersion = 17.11.35222.181
MinimumVisualStudioVersion = 10.0.40219.1
Project("{FAE04EC0-301F-11D3-BF4B-00C04F79EFBC}") = "MagicPotions", "MagicPotions\MagicPotions.csproj", "{886E8765-B85F-4158-9589-B3897B03B836}"
EndProject
Global
	GlobalSection(SolutionConfigurationPlatforms) = preSolution
		Debug|Any CPU = Debug|Any CPU
		Release|Any CPU = Release|Any CPU
	EndGlobalSection
	GlobalSection(ProjectConfigurationPlatforms) = postSolution
		{886E8765-B85F-4158-9589-B3897B03B836}.Debug|Any CPU.ActiveCfg = Debug|Any CPU
		{886E8765-B85F-4158-9589-B3897B03B836}.Debug|Any CPU.Build.0 = Debug|Any CPU
		{886E8765-B85F-4158-9589-B3897B03B836}.Release|Any CPU.ActiveCfg = Release|Any CPU
		{886E8765-B85F-4158-9589-B3897B03B836}.Release|Any CPU.Build.0 = Release|Any CPU
	EndGlobalSection
	GlobalSection(SolutionProperties) = preSolution
		HideSolutionNode = FALSE
	EndGlobalSection
	GlobalSection(ExtensibilityGlobals) = postSolution
		SolutionGuid = {E05D683F-B3AA-4912-8BCD-E0AF5680626C}
	EndGlobalSection
EndGlobal
